// !$*UTF8*$!
{
	archiveVersion = 1;
	classes = {
	};
	objectVersion = 56;
	objects = {

/* Begin PBXBuildFile section */
		660E7609297E593A00EEF434 /* ChargeView.swift in Sources */ = {isa = PBXBuildFile; fileRef = 660E7608297E593A00EEF434 /* ChargeView.swift */; };
		660E760A297E593A00EEF434 /* ChargeView.swift in Sources */ = {isa = PBXBuildFile; fileRef = 660E7608297E593A00EEF434 /* ChargeView.swift */; };
		66108D2C296B569000791A7A /* ElectricSidecarApp.swift in Sources */ = {isa = PBXBuildFile; fileRef = 66108D2B296B569000791A7A /* ElectricSidecarApp.swift */; };
		66108D30296B569100791A7A /* Assets.xcassets in Resources */ = {isa = PBXBuildFile; fileRef = 66108D2F296B569100791A7A /* Assets.xcassets */; };
		66108D33296B569100791A7A /* Preview Assets.xcassets in Resources */ = {isa = PBXBuildFile; fileRef = 66108D32296B569100791A7A /* Preview Assets.xcassets */; };
		66108D60296B56AF00791A7A /* WidgetKit.framework in Frameworks */ = {isa = PBXBuildFile; fileRef = 66108D5F296B56AF00791A7A /* WidgetKit.framework */; };
		66108D62296B56AF00791A7A /* SwiftUI.framework in Frameworks */ = {isa = PBXBuildFile; fileRef = 66108D61296B56AF00791A7A /* SwiftUI.framework */; };
		66108D65296B56AF00791A7A /* VehicleChargeWidget.swift in Sources */ = {isa = PBXBuildFile; fileRef = 66108D64296B56AF00791A7A /* VehicleChargeWidget.swift */; };
		66108D67296B56B000791A7A /* Assets.xcassets in Resources */ = {isa = PBXBuildFile; fileRef = 66108D66296B56B000791A7A /* Assets.xcassets */; };
		66108D6B296B56B000791A7A /* Widgets.appex in Embed Foundation Extensions */ = {isa = PBXBuildFile; fileRef = 66108D5D296B56AF00791A7A /* Widgets.appex */; settings = {ATTRIBUTES = (RemoveHeadersOnCopy, ); }; };
		66108D79296B572F00791A7A /* ModelStore.swift in Sources */ = {isa = PBXBuildFile; fileRef = 66108D77296B572F00791A7A /* ModelStore.swift */; };
		66108D7A296B572F00791A7A /* ModelStore.swift in Sources */ = {isa = PBXBuildFile; fileRef = 66108D77296B572F00791A7A /* ModelStore.swift */; };
		66108D7B296B572F00791A7A /* AppGroup.swift in Sources */ = {isa = PBXBuildFile; fileRef = 66108D78296B572F00791A7A /* AppGroup.swift */; };
		66108D7C296B572F00791A7A /* AppGroup.swift in Sources */ = {isa = PBXBuildFile; fileRef = 66108D78296B572F00791A7A /* AppGroup.swift */; };
		66108D7E296B576000791A7A /* BatteryStyleTests.swift in Sources */ = {isa = PBXBuildFile; fileRef = 66108D7D296B576000791A7A /* BatteryStyleTests.swift */; };
		66108D81296B577700791A7A /* UILaunchTests.swift in Sources */ = {isa = PBXBuildFile; fileRef = 66108D7F296B577700791A7A /* UILaunchTests.swift */; };
		66108D82296B577700791A7A /* EndToEndUITests.swift in Sources */ = {isa = PBXBuildFile; fileRef = 66108D80296B577700791A7A /* EndToEndUITests.swift */; };
		66108D87296B579800791A7A /* TitledTabViews.swift in Sources */ = {isa = PBXBuildFile; fileRef = 66108D86296B579800791A7A /* TitledTabViews.swift */; };
		66108D95296B58A800791A7A /* PorscheConnect in Frameworks */ = {isa = PBXBuildFile; productRef = 66108D94296B58A800791A7A /* PorscheConnect */; };
		66108D99296B58AE00791A7A /* PorscheConnect in Frameworks */ = {isa = PBXBuildFile; productRef = 66108D98296B58AE00791A7A /* PorscheConnect */; };
		66108D9A296B58CF00791A7A /* VehicleChargeTimelineProvider.swift in Sources */ = {isa = PBXBuildFile; fileRef = 66108D88296B57CB00791A7A /* VehicleChargeTimelineProvider.swift */; };
		66108DA5296B58EE00791A7A /* Status+Helpers.swift in Sources */ = {isa = PBXBuildFile; fileRef = 66108D9F296B58EE00791A7A /* Status+Helpers.swift */; };
		66108DA6296B58EE00791A7A /* Vehicle+SwiftUI.swift in Sources */ = {isa = PBXBuildFile; fileRef = 66108DA0296B58EE00791A7A /* Vehicle+SwiftUI.swift */; };
		66108DA7296B58EE00791A7A /* Vehicle+Helpers.swift in Sources */ = {isa = PBXBuildFile; fileRef = 66108DA1296B58EE00791A7A /* Vehicle+Helpers.swift */; };
		66108DA8296B58EE00791A7A /* LoginView.swift in Sources */ = {isa = PBXBuildFile; fileRef = 66108DA3296B58EE00791A7A /* LoginView.swift */; };
		66108DB0296B58F700791A7A /* VehicleView.swift in Sources */ = {isa = PBXBuildFile; fileRef = 66108DAA296B58F700791A7A /* VehicleView.swift */; };
		66108DB1296B58F700791A7A /* GarageView.swift in Sources */ = {isa = PBXBuildFile; fileRef = 66108DAB296B58F700791A7A /* GarageView.swift */; };
		66108DB3296B58F700791A7A /* VehicleLocationView.swift in Sources */ = {isa = PBXBuildFile; fileRef = 66108DAD296B58F700791A7A /* VehicleLocationView.swift */; };
		66108DB4296B58F700791A7A /* VehicleDetailsView.swift in Sources */ = {isa = PBXBuildFile; fileRef = 66108DAE296B58F700791A7A /* VehicleDetailsView.swift */; };
		66108DB5296B58F700791A7A /* VehicleStatusView.swift in Sources */ = {isa = PBXBuildFile; fileRef = 66108DAF296B58F700791A7A /* VehicleStatusView.swift */; };
		66108DB8296B590F00791A7A /* CachedAsyncImage in Frameworks */ = {isa = PBXBuildFile; productRef = 66108DB7296B590F00791A7A /* CachedAsyncImage */; };
		661197A029750EE800D92637 /* Shared.xcassets in Resources */ = {isa = PBXBuildFile; fileRef = 6611979F29750EE800D92637 /* Shared.xcassets */; };
		661197A129750EE800D92637 /* Shared.xcassets in Resources */ = {isa = PBXBuildFile; fileRef = 6611979F29750EE800D92637 /* Shared.xcassets */; };
		6618E352296FDE5900F370BB /* CodableCacheCoordinator.swift in Sources */ = {isa = PBXBuildFile; fileRef = 6618E351296FDE5900F370BB /* CodableCacheCoordinator.swift */; };
		6618E353296FDE5900F370BB /* CodableCacheCoordinator.swift in Sources */ = {isa = PBXBuildFile; fileRef = 6618E351296FDE5900F370BB /* CodableCacheCoordinator.swift */; };
		661C3F4A29725D0900A4CC90 /* Vehicle+Status.swift in Sources */ = {isa = PBXBuildFile; fileRef = 661C3F4929725D0900A4CC90 /* Vehicle+Status.swift */; };
		661C3F4B29725D0900A4CC90 /* Vehicle+Status.swift in Sources */ = {isa = PBXBuildFile; fileRef = 661C3F4929725D0900A4CC90 /* Vehicle+Status.swift */; };
		661C3F4E2972641500A4CC90 /* UIModel.swift in Sources */ = {isa = PBXBuildFile; fileRef = 661C3F4D2972641500A4CC90 /* UIModel.swift */; };
		661C3F4F2972641500A4CC90 /* UIModel.swift in Sources */ = {isa = PBXBuildFile; fileRef = 661C3F4D2972641500A4CC90 /* UIModel.swift */; };
		661C3F5129726E9100A4CC90 /* Refreshable.swift in Sources */ = {isa = PBXBuildFile; fileRef = 661C3F5029726E9100A4CC90 /* Refreshable.swift */; };
		661C3F5229726E9100A4CC90 /* Refreshable.swift in Sources */ = {isa = PBXBuildFile; fileRef = 661C3F5029726E9100A4CC90 /* Refreshable.swift */; };
		661C3F54297270FC00A4CC90 /* Vehicle+Emobility.swift in Sources */ = {isa = PBXBuildFile; fileRef = 661C3F53297270FC00A4CC90 /* Vehicle+Emobility.swift */; };
		661C3F55297270FC00A4CC90 /* Vehicle+Emobility.swift in Sources */ = {isa = PBXBuildFile; fileRef = 661C3F53297270FC00A4CC90 /* Vehicle+Emobility.swift */; };
		661C3F572972770800A4CC90 /* Vehicle+Position.swift in Sources */ = {isa = PBXBuildFile; fileRef = 661C3F562972770800A4CC90 /* Vehicle+Position.swift */; };
		661C3F582972770800A4CC90 /* Vehicle+Position.swift in Sources */ = {isa = PBXBuildFile; fileRef = 661C3F562972770800A4CC90 /* Vehicle+Position.swift */; };
		6651ED042986FB71001337A3 /* BatteryStyle.swift in Sources */ = {isa = PBXBuildFile; fileRef = 6651ED032986FB71001337A3 /* BatteryStyle.swift */; };
		6651ED052986FB71001337A3 /* BatteryStyle.swift in Sources */ = {isa = PBXBuildFile; fileRef = 6651ED032986FB71001337A3 /* BatteryStyle.swift */; };
		6651ED062986FB71001337A3 /* BatteryStyle.swift in Sources */ = {isa = PBXBuildFile; fileRef = 6651ED032986FB71001337A3 /* BatteryStyle.swift */; };
		665EDD5A297289C40012CD3A /* RefreshStatusView.swift in Sources */ = {isa = PBXBuildFile; fileRef = 665EDD59297289C40012CD3A /* RefreshStatusView.swift */; };
		665EDD5C2972973F0012CD3A /* ESComplications.swift in Sources */ = {isa = PBXBuildFile; fileRef = 665EDD5B2972973F0012CD3A /* ESComplications.swift */; };
		668B8607297F925400C60DE8 /* VehicleErrorView.swift in Sources */ = {isa = PBXBuildFile; fileRef = 668B8606297F925400C60DE8 /* VehicleErrorView.swift */; };
		668B8609297F951C00C60DE8 /* Vehicle+Doors.swift in Sources */ = {isa = PBXBuildFile; fileRef = 668B8608297F951C00C60DE8 /* Vehicle+Doors.swift */; };
		668B860A297F96D800C60DE8 /* Vehicle+Doors.swift in Sources */ = {isa = PBXBuildFile; fileRef = 668B8608297F951C00C60DE8 /* Vehicle+Doors.swift */; };
		668B860C297F9A3A00C60DE8 /* VehicleClosedStatusView.swift in Sources */ = {isa = PBXBuildFile; fileRef = 668B860B297F9A3A00C60DE8 /* VehicleClosedStatusView.swift */; };
		668B8615298659D400C60DE8 /* VehicleRangeTimelineProvider.swift in Sources */ = {isa = PBXBuildFile; fileRef = 668B8613298659D400C60DE8 /* VehicleRangeTimelineProvider.swift */; };
		668B8616298659D400C60DE8 /* VehicleRangeWidget.swift in Sources */ = {isa = PBXBuildFile; fileRef = 668B8614298659D400C60DE8 /* VehicleRangeWidget.swift */; };
		668B861829865BE900C60DE8 /* RadialProgressView.swift in Sources */ = {isa = PBXBuildFile; fileRef = 668B861729865BE900C60DE8 /* RadialProgressView.swift */; };
		668B861929865BE900C60DE8 /* RadialProgressView.swift in Sources */ = {isa = PBXBuildFile; fileRef = 668B861729865BE900C60DE8 /* RadialProgressView.swift */; };
		668B86552986F2A700C60DE8 /* AppDelegate.swift in Sources */ = {isa = PBXBuildFile; fileRef = 668B86542986F2A700C60DE8 /* AppDelegate.swift */; };
		668B86572986F2A700C60DE8 /* SceneDelegate.swift in Sources */ = {isa = PBXBuildFile; fileRef = 668B86562986F2A700C60DE8 /* SceneDelegate.swift */; };
		668B86592986F2A700C60DE8 /* ViewController.swift in Sources */ = {isa = PBXBuildFile; fileRef = 668B86582986F2A700C60DE8 /* ViewController.swift */; };
		668B865E2986F2A800C60DE8 /* Assets.xcassets in Resources */ = {isa = PBXBuildFile; fileRef = 668B865D2986F2A800C60DE8 /* Assets.xcassets */; };
		668B86612986F2A800C60DE8 /* LaunchScreen.storyboard in Resources */ = {isa = PBXBuildFile; fileRef = 668B865F2986F2A800C60DE8 /* LaunchScreen.storyboard */; };
		668B86762986F2AA00C60DE8 /* ESConfiguratorUITests.swift in Sources */ = {isa = PBXBuildFile; fileRef = 668B86752986F2AA00C60DE8 /* ESConfiguratorUITests.swift */; };
		668B86782986F2AA00C60DE8 /* ESConfiguratorUITestsLaunchTests.swift in Sources */ = {isa = PBXBuildFile; fileRef = 668B86772986F2AA00C60DE8 /* ESConfiguratorUITestsLaunchTests.swift */; };
		668B86852986F35000C60DE8 /* Watch.app in Embed Watch Content */ = {isa = PBXBuildFile; fileRef = 66108D26296B569000791A7A /* Watch.app */; settings = {ATTRIBUTES = (RemoveHeadersOnCopy, ); }; };
		668B86D32986FA2600C60DE8 /* ModelStore.swift in Sources */ = {isa = PBXBuildFile; fileRef = 66108D77296B572F00791A7A /* ModelStore.swift */; };
		668B86D42986FA2600C60DE8 /* CodableCacheCoordinator.swift in Sources */ = {isa = PBXBuildFile; fileRef = 6618E351296FDE5900F370BB /* CodableCacheCoordinator.swift */; };
		668B86D52986FA2600C60DE8 /* AppGroup.swift in Sources */ = {isa = PBXBuildFile; fileRef = 66108D78296B572F00791A7A /* AppGroup.swift */; };
		668B86D62986FA2B00C60DE8 /* LoggerContext.swift in Sources */ = {isa = PBXBuildFile; fileRef = 668EB9582979119B00304EA5 /* LoggerContext.swift */; };
		668B86D72986FA2D00C60DE8 /* Emobility+Helpers.swift in Sources */ = {isa = PBXBuildFile; fileRef = 669BFB5E296C0942004621D9 /* Emobility+Helpers.swift */; };
		668B86D82986FA2D00C60DE8 /* Status+Helpers.swift in Sources */ = {isa = PBXBuildFile; fileRef = 66108D9F296B58EE00791A7A /* Status+Helpers.swift */; };
		668B86D92986FA2D00C60DE8 /* Vehicle+Helpers.swift in Sources */ = {isa = PBXBuildFile; fileRef = 66108DA1296B58EE00791A7A /* Vehicle+Helpers.swift */; };
		668B86DA2986FA3000C60DE8 /* Vehicle+Emobility.swift in Sources */ = {isa = PBXBuildFile; fileRef = 661C3F53297270FC00A4CC90 /* Vehicle+Emobility.swift */; };
		668B86DB2986FA3000C60DE8 /* Vehicle+Position.swift in Sources */ = {isa = PBXBuildFile; fileRef = 661C3F562972770800A4CC90 /* Vehicle+Position.swift */; };
		668B86DC2986FA3000C60DE8 /* Refreshable.swift in Sources */ = {isa = PBXBuildFile; fileRef = 661C3F5029726E9100A4CC90 /* Refreshable.swift */; };
		668B86DD2986FA3000C60DE8 /* Vehicle+Doors.swift in Sources */ = {isa = PBXBuildFile; fileRef = 668B8608297F951C00C60DE8 /* Vehicle+Doors.swift */; };
		668B86DE2986FA3000C60DE8 /* Vehicle.swift in Sources */ = {isa = PBXBuildFile; fileRef = 66CA7DA0296FE95D00090ADD /* Vehicle.swift */; };
		668B86DF2986FA3000C60DE8 /* UIModel.swift in Sources */ = {isa = PBXBuildFile; fileRef = 661C3F4D2972641500A4CC90 /* UIModel.swift */; };
		668B86E02986FA3000C60DE8 /* Vehicle+Status.swift in Sources */ = {isa = PBXBuildFile; fileRef = 661C3F4929725D0900A4CC90 /* Vehicle+Status.swift */; };
		668B86E72986FA4F00C60DE8 /* PorscheConnect in Frameworks */ = {isa = PBXBuildFile; productRef = 668B86E62986FA4F00C60DE8 /* PorscheConnect */; };
		668EB957297910E200304EA5 /* LogsView.swift in Sources */ = {isa = PBXBuildFile; fileRef = 668EB956297910E200304EA5 /* LogsView.swift */; };
		668EB9592979119B00304EA5 /* LoggerContext.swift in Sources */ = {isa = PBXBuildFile; fileRef = 668EB9582979119B00304EA5 /* LoggerContext.swift */; };
		668EB95A2979119B00304EA5 /* LoggerContext.swift in Sources */ = {isa = PBXBuildFile; fileRef = 668EB9582979119B00304EA5 /* LoggerContext.swift */; };
		668EB95C29792E8100304EA5 /* VehiclePhotosView.swift in Sources */ = {isa = PBXBuildFile; fileRef = 668EB95B29792E8100304EA5 /* VehiclePhotosView.swift */; };
		668EB95F2979326E00304EA5 /* NavigationLinkContentView.swift in Sources */ = {isa = PBXBuildFile; fileRef = 668EB95E2979326E00304EA5 /* NavigationLinkContentView.swift */; };
		669BFB5F296C0942004621D9 /* Emobility+Helpers.swift in Sources */ = {isa = PBXBuildFile; fileRef = 669BFB5E296C0942004621D9 /* Emobility+Helpers.swift */; };
		66CA7DA1296FE95D00090ADD /* Vehicle.swift in Sources */ = {isa = PBXBuildFile; fileRef = 66CA7DA0296FE95D00090ADD /* Vehicle.swift */; };
		66CA7DA2296FE95D00090ADD /* Vehicle.swift in Sources */ = {isa = PBXBuildFile; fileRef = 66CA7DA0296FE95D00090ADD /* Vehicle.swift */; };
		66EB7706296C0AB1008BFC27 /* Emobility+Helpers.swift in Sources */ = {isa = PBXBuildFile; fileRef = 669BFB5E296C0942004621D9 /* Emobility+Helpers.swift */; };
		66EB7707296C0AB1008BFC27 /* Status+Helpers.swift in Sources */ = {isa = PBXBuildFile; fileRef = 66108D9F296B58EE00791A7A /* Status+Helpers.swift */; };
		66EB7708296C0AB1008BFC27 /* Vehicle+Helpers.swift in Sources */ = {isa = PBXBuildFile; fileRef = 66108DA1296B58EE00791A7A /* Vehicle+Helpers.swift */; };
/* End PBXBuildFile section */

/* Begin PBXContainerItemProxy section */
		66108D43296B569100791A7A /* PBXContainerItemProxy */ = {
			isa = PBXContainerItemProxy;
			containerPortal = 66108D1A296B569000791A7A /* Project object */;
			proxyType = 1;
			remoteGlobalIDString = 66108D25296B569000791A7A;
			remoteInfo = "ElectricSidecar Watch App";
		};
		66108D69296B56B000791A7A /* PBXContainerItemProxy */ = {
			isa = PBXContainerItemProxy;
			containerPortal = 66108D1A296B569000791A7A /* Project object */;
			proxyType = 1;
			remoteGlobalIDString = 66108D5C296B56AF00791A7A;
			remoteInfo = ESComplicationsExtension;
		};
		668B86722986F2AA00C60DE8 /* PBXContainerItemProxy */ = {
			isa = PBXContainerItemProxy;
			containerPortal = 66108D1A296B569000791A7A /* Project object */;
			proxyType = 1;
			remoteGlobalIDString = 668B86512986F2A600C60DE8;
			remoteInfo = ESConfigurator;
		};
		668B86822986F32200C60DE8 /* PBXContainerItemProxy */ = {
			isa = PBXContainerItemProxy;
			containerPortal = 66108D1A296B569000791A7A /* Project object */;
			proxyType = 1;
			remoteGlobalIDString = 66108D25296B569000791A7A;
			remoteInfo = ElectricSidecar;
		};
/* End PBXContainerItemProxy section */

/* Begin PBXCopyFilesBuildPhase section */
		66108D6F296B56B000791A7A /* Embed Foundation Extensions */ = {
			isa = PBXCopyFilesBuildPhase;
			buildActionMask = 2147483647;
			dstPath = "";
			dstSubfolderSpec = 13;
			files = (
				66108D6B296B56B000791A7A /* Widgets.appex in Embed Foundation Extensions */,
			);
			name = "Embed Foundation Extensions";
			runOnlyForDeploymentPostprocessing = 0;
		};
		668B86842986F33500C60DE8 /* Embed Watch Content */ = {
			isa = PBXCopyFilesBuildPhase;
			buildActionMask = 2147483647;
			dstPath = "$(CONTENTS_FOLDER_PATH)/Watch";
			dstSubfolderSpec = 16;
			files = (
				668B86852986F35000C60DE8 /* Watch.app in Embed Watch Content */,
			);
			name = "Embed Watch Content";
			runOnlyForDeploymentPostprocessing = 0;
		};
/* End PBXCopyFilesBuildPhase section */

/* Begin PBXFileReference section */
		660E7608297E593A00EEF434 /* ChargeView.swift */ = {isa = PBXFileReference; fileEncoding = 4; lastKnownFileType = sourcecode.swift; path = ChargeView.swift; sourceTree = "<group>"; };
		66108D26296B569000791A7A /* Watch.app */ = {isa = PBXFileReference; explicitFileType = wrapper.application; includeInIndex = 0; path = Watch.app; sourceTree = BUILT_PRODUCTS_DIR; };
		66108D2B296B569000791A7A /* ElectricSidecarApp.swift */ = {isa = PBXFileReference; lastKnownFileType = sourcecode.swift; path = ElectricSidecarApp.swift; sourceTree = "<group>"; };
		66108D2F296B569100791A7A /* Assets.xcassets */ = {isa = PBXFileReference; lastKnownFileType = folder.assetcatalog; path = Assets.xcassets; sourceTree = "<group>"; };
		66108D32296B569100791A7A /* Preview Assets.xcassets */ = {isa = PBXFileReference; lastKnownFileType = folder.assetcatalog; path = "Preview Assets.xcassets"; sourceTree = "<group>"; };
		66108D38296B569100791A7A /* UnitTests.xctest */ = {isa = PBXFileReference; explicitFileType = wrapper.cfbundle; includeInIndex = 0; path = UnitTests.xctest; sourceTree = BUILT_PRODUCTS_DIR; };
		66108D42296B569100791A7A /* WatchUITests.xctest */ = {isa = PBXFileReference; explicitFileType = wrapper.cfbundle; includeInIndex = 0; path = WatchUITests.xctest; sourceTree = BUILT_PRODUCTS_DIR; };
		66108D5D296B56AF00791A7A /* Widgets.appex */ = {isa = PBXFileReference; explicitFileType = "wrapper.app-extension"; includeInIndex = 0; path = Widgets.appex; sourceTree = BUILT_PRODUCTS_DIR; };
		66108D5F296B56AF00791A7A /* WidgetKit.framework */ = {isa = PBXFileReference; lastKnownFileType = wrapper.framework; name = WidgetKit.framework; path = System/Library/Frameworks/WidgetKit.framework; sourceTree = SDKROOT; };
		66108D61296B56AF00791A7A /* SwiftUI.framework */ = {isa = PBXFileReference; lastKnownFileType = wrapper.framework; name = SwiftUI.framework; path = System/Library/Frameworks/SwiftUI.framework; sourceTree = SDKROOT; };
		66108D64296B56AF00791A7A /* VehicleChargeWidget.swift */ = {isa = PBXFileReference; lastKnownFileType = sourcecode.swift; path = VehicleChargeWidget.swift; sourceTree = "<group>"; };
		66108D66296B56B000791A7A /* Assets.xcassets */ = {isa = PBXFileReference; lastKnownFileType = folder.assetcatalog; path = Assets.xcassets; sourceTree = "<group>"; };
		66108D68296B56B000791A7A /* Info.plist */ = {isa = PBXFileReference; lastKnownFileType = text.plist.xml; path = Info.plist; sourceTree = "<group>"; };
		66108D77296B572F00791A7A /* ModelStore.swift */ = {isa = PBXFileReference; fileEncoding = 4; lastKnownFileType = sourcecode.swift; path = ModelStore.swift; sourceTree = "<group>"; };
		66108D78296B572F00791A7A /* AppGroup.swift */ = {isa = PBXFileReference; fileEncoding = 4; lastKnownFileType = sourcecode.swift; path = AppGroup.swift; sourceTree = "<group>"; };
		66108D7D296B576000791A7A /* BatteryStyleTests.swift */ = {isa = PBXFileReference; fileEncoding = 4; lastKnownFileType = sourcecode.swift; path = BatteryStyleTests.swift; sourceTree = "<group>"; };
		66108D7F296B577700791A7A /* UILaunchTests.swift */ = {isa = PBXFileReference; fileEncoding = 4; lastKnownFileType = sourcecode.swift; path = UILaunchTests.swift; sourceTree = "<group>"; };
		66108D80296B577700791A7A /* EndToEndUITests.swift */ = {isa = PBXFileReference; fileEncoding = 4; lastKnownFileType = sourcecode.swift; path = EndToEndUITests.swift; sourceTree = "<group>"; };
		66108D86296B579800791A7A /* TitledTabViews.swift */ = {isa = PBXFileReference; fileEncoding = 4; lastKnownFileType = sourcecode.swift; path = TitledTabViews.swift; sourceTree = "<group>"; };
		66108D88296B57CB00791A7A /* VehicleChargeTimelineProvider.swift */ = {isa = PBXFileReference; fileEncoding = 4; lastKnownFileType = sourcecode.swift; path = VehicleChargeTimelineProvider.swift; sourceTree = "<group>"; };
		66108D8E296B57F800791A7A /* PorscheConnect */ = {isa = PBXFileReference; lastKnownFileType = wrapper; name = PorscheConnect; path = ../third_party/PorscheConnect; sourceTree = "<group>"; };
		66108D8F296B584E00791A7A /* ElectricSidecar.entitlements */ = {isa = PBXFileReference; fileEncoding = 4; lastKnownFileType = text.plist.entitlements; path = ElectricSidecar.entitlements; sourceTree = "<group>"; };
		66108D90296B585800791A7A /* ESComplicationsExtension.entitlements */ = {isa = PBXFileReference; fileEncoding = 4; lastKnownFileType = text.plist.entitlements; path = ESComplicationsExtension.entitlements; sourceTree = "<group>"; };
		66108D9F296B58EE00791A7A /* Status+Helpers.swift */ = {isa = PBXFileReference; fileEncoding = 4; lastKnownFileType = sourcecode.swift; path = "Status+Helpers.swift"; sourceTree = "<group>"; };
		66108DA0296B58EE00791A7A /* Vehicle+SwiftUI.swift */ = {isa = PBXFileReference; fileEncoding = 4; lastKnownFileType = sourcecode.swift; path = "Vehicle+SwiftUI.swift"; sourceTree = "<group>"; };
		66108DA1296B58EE00791A7A /* Vehicle+Helpers.swift */ = {isa = PBXFileReference; fileEncoding = 4; lastKnownFileType = sourcecode.swift; path = "Vehicle+Helpers.swift"; sourceTree = "<group>"; };
		66108DA3296B58EE00791A7A /* LoginView.swift */ = {isa = PBXFileReference; fileEncoding = 4; lastKnownFileType = sourcecode.swift; path = LoginView.swift; sourceTree = "<group>"; };
		66108DAA296B58F700791A7A /* VehicleView.swift */ = {isa = PBXFileReference; fileEncoding = 4; lastKnownFileType = sourcecode.swift; path = VehicleView.swift; sourceTree = "<group>"; };
		66108DAB296B58F700791A7A /* GarageView.swift */ = {isa = PBXFileReference; fileEncoding = 4; lastKnownFileType = sourcecode.swift; path = GarageView.swift; sourceTree = "<group>"; };
		66108DAD296B58F700791A7A /* VehicleLocationView.swift */ = {isa = PBXFileReference; fileEncoding = 4; lastKnownFileType = sourcecode.swift; path = VehicleLocationView.swift; sourceTree = "<group>"; };
		66108DAE296B58F700791A7A /* VehicleDetailsView.swift */ = {isa = PBXFileReference; fileEncoding = 4; lastKnownFileType = sourcecode.swift; path = VehicleDetailsView.swift; sourceTree = "<group>"; };
		66108DAF296B58F700791A7A /* VehicleStatusView.swift */ = {isa = PBXFileReference; fileEncoding = 4; lastKnownFileType = sourcecode.swift; path = VehicleStatusView.swift; sourceTree = "<group>"; };
		6611979F29750EE800D92637 /* Shared.xcassets */ = {isa = PBXFileReference; lastKnownFileType = folder.assetcatalog; path = Shared.xcassets; sourceTree = "<group>"; };
		6618E351296FDE5900F370BB /* CodableCacheCoordinator.swift */ = {isa = PBXFileReference; lastKnownFileType = sourcecode.swift; path = CodableCacheCoordinator.swift; sourceTree = "<group>"; };
		661C3F4929725D0900A4CC90 /* Vehicle+Status.swift */ = {isa = PBXFileReference; lastKnownFileType = sourcecode.swift; path = "Vehicle+Status.swift"; sourceTree = "<group>"; };
		661C3F4D2972641500A4CC90 /* UIModel.swift */ = {isa = PBXFileReference; lastKnownFileType = sourcecode.swift; path = UIModel.swift; sourceTree = "<group>"; };
		661C3F5029726E9100A4CC90 /* Refreshable.swift */ = {isa = PBXFileReference; lastKnownFileType = sourcecode.swift; path = Refreshable.swift; sourceTree = "<group>"; };
		661C3F53297270FC00A4CC90 /* Vehicle+Emobility.swift */ = {isa = PBXFileReference; lastKnownFileType = sourcecode.swift; path = "Vehicle+Emobility.swift"; sourceTree = "<group>"; };
		661C3F562972770800A4CC90 /* Vehicle+Position.swift */ = {isa = PBXFileReference; lastKnownFileType = sourcecode.swift; path = "Vehicle+Position.swift"; sourceTree = "<group>"; };
		6651ED032986FB71001337A3 /* BatteryStyle.swift */ = {isa = PBXFileReference; lastKnownFileType = sourcecode.swift; path = BatteryStyle.swift; sourceTree = "<group>"; };
		665EDD59297289C40012CD3A /* RefreshStatusView.swift */ = {isa = PBXFileReference; lastKnownFileType = sourcecode.swift; path = RefreshStatusView.swift; sourceTree = "<group>"; };
		665EDD5B2972973F0012CD3A /* ESComplications.swift */ = {isa = PBXFileReference; lastKnownFileType = sourcecode.swift; path = ESComplications.swift; sourceTree = "<group>"; };
		668B8606297F925400C60DE8 /* VehicleErrorView.swift */ = {isa = PBXFileReference; lastKnownFileType = sourcecode.swift; path = VehicleErrorView.swift; sourceTree = "<group>"; };
		668B8608297F951C00C60DE8 /* Vehicle+Doors.swift */ = {isa = PBXFileReference; lastKnownFileType = sourcecode.swift; path = "Vehicle+Doors.swift"; sourceTree = "<group>"; };
		668B860B297F9A3A00C60DE8 /* VehicleClosedStatusView.swift */ = {isa = PBXFileReference; lastKnownFileType = sourcecode.swift; path = VehicleClosedStatusView.swift; sourceTree = "<group>"; };
		668B8613298659D400C60DE8 /* VehicleRangeTimelineProvider.swift */ = {isa = PBXFileReference; fileEncoding = 4; lastKnownFileType = sourcecode.swift; path = VehicleRangeTimelineProvider.swift; sourceTree = "<group>"; };
		668B8614298659D400C60DE8 /* VehicleRangeWidget.swift */ = {isa = PBXFileReference; fileEncoding = 4; lastKnownFileType = sourcecode.swift; path = VehicleRangeWidget.swift; sourceTree = "<group>"; };
		668B861729865BE900C60DE8 /* RadialProgressView.swift */ = {isa = PBXFileReference; lastKnownFileType = sourcecode.swift; path = RadialProgressView.swift; sourceTree = "<group>"; };
		668B86522986F2A700C60DE8 /* Phone.app */ = {isa = PBXFileReference; explicitFileType = wrapper.application; includeInIndex = 0; path = Phone.app; sourceTree = BUILT_PRODUCTS_DIR; };
		668B86542986F2A700C60DE8 /* AppDelegate.swift */ = {isa = PBXFileReference; lastKnownFileType = sourcecode.swift; path = AppDelegate.swift; sourceTree = "<group>"; };
		668B86562986F2A700C60DE8 /* SceneDelegate.swift */ = {isa = PBXFileReference; lastKnownFileType = sourcecode.swift; path = SceneDelegate.swift; sourceTree = "<group>"; };
		668B86582986F2A700C60DE8 /* ViewController.swift */ = {isa = PBXFileReference; lastKnownFileType = sourcecode.swift; path = ViewController.swift; sourceTree = "<group>"; };
		668B865D2986F2A800C60DE8 /* Assets.xcassets */ = {isa = PBXFileReference; lastKnownFileType = folder.assetcatalog; path = Assets.xcassets; sourceTree = "<group>"; };
		668B86602986F2A800C60DE8 /* Base */ = {isa = PBXFileReference; lastKnownFileType = file.storyboard; name = Base; path = Base.lproj/LaunchScreen.storyboard; sourceTree = "<group>"; };
		668B86622986F2A800C60DE8 /* Info.plist */ = {isa = PBXFileReference; lastKnownFileType = text.plist.xml; path = Info.plist; sourceTree = "<group>"; };
		668B86712986F2A900C60DE8 /* PhoneUITests.xctest */ = {isa = PBXFileReference; explicitFileType = wrapper.cfbundle; includeInIndex = 0; path = PhoneUITests.xctest; sourceTree = BUILT_PRODUCTS_DIR; };
		668B86752986F2AA00C60DE8 /* ESConfiguratorUITests.swift */ = {isa = PBXFileReference; lastKnownFileType = sourcecode.swift; path = ESConfiguratorUITests.swift; sourceTree = "<group>"; };
		668B86772986F2AA00C60DE8 /* ESConfiguratorUITestsLaunchTests.swift */ = {isa = PBXFileReference; lastKnownFileType = sourcecode.swift; path = ESConfiguratorUITestsLaunchTests.swift; sourceTree = "<group>"; };
		668B86CE2986F5F300C60DE8 /* Phone.entitlements */ = {isa = PBXFileReference; lastKnownFileType = text.plist.entitlements; path = Phone.entitlements; sourceTree = "<group>"; };
		668EB956297910E200304EA5 /* LogsView.swift */ = {isa = PBXFileReference; lastKnownFileType = sourcecode.swift; path = LogsView.swift; sourceTree = "<group>"; };
		668EB9582979119B00304EA5 /* LoggerContext.swift */ = {isa = PBXFileReference; lastKnownFileType = sourcecode.swift; path = LoggerContext.swift; sourceTree = "<group>"; };
		668EB95B29792E8100304EA5 /* VehiclePhotosView.swift */ = {isa = PBXFileReference; lastKnownFileType = sourcecode.swift; path = VehiclePhotosView.swift; sourceTree = "<group>"; };
		668EB95E2979326E00304EA5 /* NavigationLinkContentView.swift */ = {isa = PBXFileReference; lastKnownFileType = sourcecode.swift; path = NavigationLinkContentView.swift; sourceTree = "<group>"; };
		669BFB5E296C0942004621D9 /* Emobility+Helpers.swift */ = {isa = PBXFileReference; lastKnownFileType = sourcecode.swift; path = "Emobility+Helpers.swift"; sourceTree = "<group>"; };
		66CA7DA0296FE95D00090ADD /* Vehicle.swift */ = {isa = PBXFileReference; lastKnownFileType = sourcecode.swift; path = Vehicle.swift; sourceTree = "<group>"; };
/* End PBXFileReference section */

/* Begin PBXFrameworksBuildPhase section */
		66108D23296B569000791A7A /* Frameworks */ = {
			isa = PBXFrameworksBuildPhase;
			buildActionMask = 2147483647;
			files = (
				66108D95296B58A800791A7A /* PorscheConnect in Frameworks */,
				66108DB8296B590F00791A7A /* CachedAsyncImage in Frameworks */,
			);
			runOnlyForDeploymentPostprocessing = 0;
		};
		66108D35296B569100791A7A /* Frameworks */ = {
			isa = PBXFrameworksBuildPhase;
			buildActionMask = 2147483647;
			files = (
				668B86E72986FA4F00C60DE8 /* PorscheConnect in Frameworks */,
			);
			runOnlyForDeploymentPostprocessing = 0;
		};
		66108D3F296B569100791A7A /* Frameworks */ = {
			isa = PBXFrameworksBuildPhase;
			buildActionMask = 2147483647;
			files = (
			);
			runOnlyForDeploymentPostprocessing = 0;
		};
		66108D5A296B56AF00791A7A /* Frameworks */ = {
			isa = PBXFrameworksBuildPhase;
			buildActionMask = 2147483647;
			files = (
				66108D62296B56AF00791A7A /* SwiftUI.framework in Frameworks */,
				66108D99296B58AE00791A7A /* PorscheConnect in Frameworks */,
				66108D60296B56AF00791A7A /* WidgetKit.framework in Frameworks */,
			);
			runOnlyForDeploymentPostprocessing = 0;
		};
		668B864F2986F2A600C60DE8 /* Frameworks */ = {
			isa = PBXFrameworksBuildPhase;
			buildActionMask = 2147483647;
			files = (
			);
			runOnlyForDeploymentPostprocessing = 0;
		};
		668B866E2986F2A900C60DE8 /* Frameworks */ = {
			isa = PBXFrameworksBuildPhase;
			buildActionMask = 2147483647;
			files = (
			);
			runOnlyForDeploymentPostprocessing = 0;
		};
/* End PBXFrameworksBuildPhase section */

/* Begin PBXGroup section */
		660E7607297E593A00EEF434 /* Views */ = {
			isa = PBXGroup;
			children = (
				660E7608297E593A00EEF434 /* ChargeView.swift */,
				668B861729865BE900C60DE8 /* RadialProgressView.swift */,
			);
			path = Views;
			sourceTree = "<group>";
		};
		66108D19296B569000791A7A = {
			isa = PBXGroup;
			children = (
				668B86532986F2A700C60DE8 /* Phone */,
				66108D2A296B569000791A7A /* Watch */,
				66108D63296B56AF00791A7A /* Widgets */,
				66108D76296B570C00791A7A /* Shared */,
				668B86862986F38400C60DE8 /* Tests */,
				66108D85296B579800791A7A /* Playgrounds */,
				66108D8D296B57F800791A7A /* Packages */,
				66108D21296B569000791A7A /* Products */,
				668B86E52986FA4F00C60DE8 /* Frameworks */,
			);
			sourceTree = "<group>";
		};
		66108D21296B569000791A7A /* Products */ = {
			isa = PBXGroup;
			children = (
				66108D26296B569000791A7A /* Watch.app */,
				66108D38296B569100791A7A /* UnitTests.xctest */,
				66108D42296B569100791A7A /* WatchUITests.xctest */,
				66108D5D296B56AF00791A7A /* Widgets.appex */,
				668B86522986F2A700C60DE8 /* Phone.app */,
				668B86712986F2A900C60DE8 /* PhoneUITests.xctest */,
			);
			name = Products;
			sourceTree = "<group>";
		};
		66108D2A296B569000791A7A /* Watch */ = {
			isa = PBXGroup;
			children = (
				66108D2B296B569000791A7A /* ElectricSidecarApp.swift */,
				66108DA2296B58EE00791A7A /* AuthFlow */,
				668EB955297910D800304EA5 /* Debugging */,
				66108D9E296B58EE00791A7A /* Models */,
				66108DA9296B58F700791A7A /* Garage */,
				668EB95D2979326500304EA5 /* Views */,
				669BFB5C296BFE37004621D9 /* Resources */,
			);
			path = Watch;
			sourceTree = "<group>";
		};
		66108D31296B569100791A7A /* Preview Content */ = {
			isa = PBXGroup;
			children = (
				66108D32296B569100791A7A /* Preview Assets.xcassets */,
			);
			path = "Preview Content";
			sourceTree = "<group>";
		};
		66108D3B296B569100791A7A /* WatchUnitTests */ = {
			isa = PBXGroup;
			children = (
				66108D7D296B576000791A7A /* BatteryStyleTests.swift */,
			);
			path = WatchUnitTests;
			sourceTree = "<group>";
		};
		66108D45296B569100791A7A /* WatchUITests */ = {
			isa = PBXGroup;
			children = (
				66108D80296B577700791A7A /* EndToEndUITests.swift */,
				66108D7F296B577700791A7A /* UILaunchTests.swift */,
			);
			path = WatchUITests;
			sourceTree = "<group>";
		};
		66108D5E296B56AF00791A7A /* Frameworks */ = {
			isa = PBXGroup;
			children = (
				66108D5F296B56AF00791A7A /* WidgetKit.framework */,
				66108D61296B56AF00791A7A /* SwiftUI.framework */,
			);
			name = Frameworks;
			sourceTree = "<group>";
		};
		66108D63296B56AF00791A7A /* Widgets */ = {
			isa = PBXGroup;
			children = (
				665EDD5B2972973F0012CD3A /* ESComplications.swift */,
				665EDD5D2972979C0012CD3A /* VehicleCharge */,
				668B8612298659D400C60DE8 /* VehicleRange */,
				669BFB5D296BFE59004621D9 /* Resources */,
			);
			path = Widgets;
			sourceTree = "<group>";
		};
		66108D76296B570C00791A7A /* Shared */ = {
			isa = PBXGroup;
			children = (
				66C17ACB297655CC00F5F281 /* Logger */,
				66EB7705296C0A9A008BFC27 /* PorscheConnect+Extensions */,
				6651ED0729870863001337A3 /* Theming */,
				661C3F4C29725D2800A4CC90 /* UIModel */,
				660E7607297E593A00EEF434 /* Views */,
				66108D78296B572F00791A7A /* AppGroup.swift */,
				66108D77296B572F00791A7A /* ModelStore.swift */,
				6618E351296FDE5900F370BB /* CodableCacheCoordinator.swift */,
				6611979F29750EE800D92637 /* Shared.xcassets */,
			);
			path = Shared;
			sourceTree = "<group>";
		};
		66108D85296B579800791A7A /* Playgrounds */ = {
			isa = PBXGroup;
			children = (
				66108D86296B579800791A7A /* TitledTabViews.swift */,
			);
			path = Playgrounds;
			sourceTree = "<group>";
		};
		66108D8D296B57F800791A7A /* Packages */ = {
			isa = PBXGroup;
			children = (
				66108D5E296B56AF00791A7A /* Frameworks */,
				66108D8E296B57F800791A7A /* PorscheConnect */,
			);
			name = Packages;
			sourceTree = "<group>";
		};
		66108D9E296B58EE00791A7A /* Models */ = {
			isa = PBXGroup;
			children = (
				66108DA0296B58EE00791A7A /* Vehicle+SwiftUI.swift */,
			);
			path = Models;
			sourceTree = "<group>";
		};
		66108DA2296B58EE00791A7A /* AuthFlow */ = {
			isa = PBXGroup;
			children = (
				66108DA3296B58EE00791A7A /* LoginView.swift */,
			);
			path = AuthFlow;
			sourceTree = "<group>";
		};
		66108DA9296B58F700791A7A /* Garage */ = {
			isa = PBXGroup;
			children = (
				66108DAB296B58F700791A7A /* GarageView.swift */,
				669BFB5B296BF933004621D9 /* Vehicle */,
			);
			path = Garage;
			sourceTree = "<group>";
		};
		661C3F4C29725D2800A4CC90 /* UIModel */ = {
			isa = PBXGroup;
			children = (
				661C3F4D2972641500A4CC90 /* UIModel.swift */,
				661C3F5029726E9100A4CC90 /* Refreshable.swift */,
				66CA7DA0296FE95D00090ADD /* Vehicle.swift */,
				668B8608297F951C00C60DE8 /* Vehicle+Doors.swift */,
				661C3F4929725D0900A4CC90 /* Vehicle+Status.swift */,
				661C3F53297270FC00A4CC90 /* Vehicle+Emobility.swift */,
				661C3F562972770800A4CC90 /* Vehicle+Position.swift */,
			);
			path = UIModel;
			sourceTree = "<group>";
		};
		6651ED0729870863001337A3 /* Theming */ = {
			isa = PBXGroup;
			children = (
				6651ED032986FB71001337A3 /* BatteryStyle.swift */,
			);
			path = Theming;
			sourceTree = "<group>";
		};
		665EDD5D2972979C0012CD3A /* VehicleCharge */ = {
			isa = PBXGroup;
			children = (
				66108D88296B57CB00791A7A /* VehicleChargeTimelineProvider.swift */,
				66108D64296B56AF00791A7A /* VehicleChargeWidget.swift */,
			);
			path = VehicleCharge;
			sourceTree = "<group>";
		};
		668B8612298659D400C60DE8 /* VehicleRange */ = {
			isa = PBXGroup;
			children = (
				668B8613298659D400C60DE8 /* VehicleRangeTimelineProvider.swift */,
				668B8614298659D400C60DE8 /* VehicleRangeWidget.swift */,
			);
			path = VehicleRange;
			sourceTree = "<group>";
		};
		668B86532986F2A700C60DE8 /* Phone */ = {
			isa = PBXGroup;
			children = (
				668B86CE2986F5F300C60DE8 /* Phone.entitlements */,
				668B86542986F2A700C60DE8 /* AppDelegate.swift */,
				668B86562986F2A700C60DE8 /* SceneDelegate.swift */,
				668B86582986F2A700C60DE8 /* ViewController.swift */,
				668B865D2986F2A800C60DE8 /* Assets.xcassets */,
				668B865F2986F2A800C60DE8 /* LaunchScreen.storyboard */,
				668B86622986F2A800C60DE8 /* Info.plist */,
			);
			path = Phone;
			sourceTree = "<group>";
		};
		668B86742986F2AA00C60DE8 /* PhoneUITests */ = {
			isa = PBXGroup;
			children = (
				668B86752986F2AA00C60DE8 /* ESConfiguratorUITests.swift */,
				668B86772986F2AA00C60DE8 /* ESConfiguratorUITestsLaunchTests.swift */,
			);
			path = PhoneUITests;
			sourceTree = "<group>";
		};
		668B86862986F38400C60DE8 /* Tests */ = {
			isa = PBXGroup;
			children = (
				66108D3B296B569100791A7A /* WatchUnitTests */,
				66108D45296B569100791A7A /* WatchUITests */,
				668B86742986F2AA00C60DE8 /* PhoneUITests */,
			);
			name = Tests;
			sourceTree = "<group>";
		};
		668B86E52986FA4F00C60DE8 /* Frameworks */ = {
			isa = PBXGroup;
			children = (
			);
			name = Frameworks;
			sourceTree = "<group>";
		};
		668EB955297910D800304EA5 /* Debugging */ = {
			isa = PBXGroup;
			children = (
				668EB956297910E200304EA5 /* LogsView.swift */,
			);
			path = Debugging;
			sourceTree = "<group>";
		};
		668EB95D2979326500304EA5 /* Views */ = {
			isa = PBXGroup;
			children = (
				665EDD59297289C40012CD3A /* RefreshStatusView.swift */,
				668EB95E2979326E00304EA5 /* NavigationLinkContentView.swift */,
			);
			path = Views;
			sourceTree = "<group>";
		};
		669BFB5B296BF933004621D9 /* Vehicle */ = {
			isa = PBXGroup;
			children = (
				66108DAA296B58F700791A7A /* VehicleView.swift */,
				66108DAF296B58F700791A7A /* VehicleStatusView.swift */,
				668B860B297F9A3A00C60DE8 /* VehicleClosedStatusView.swift */,
				66108DAD296B58F700791A7A /* VehicleLocationView.swift */,
				66108DAE296B58F700791A7A /* VehicleDetailsView.swift */,
				668EB95B29792E8100304EA5 /* VehiclePhotosView.swift */,
				668B8606297F925400C60DE8 /* VehicleErrorView.swift */,
			);
			path = Vehicle;
			sourceTree = "<group>";
		};
		669BFB5C296BFE37004621D9 /* Resources */ = {
			isa = PBXGroup;
			children = (
				66108D8F296B584E00791A7A /* ElectricSidecar.entitlements */,
				66108D2F296B569100791A7A /* Assets.xcassets */,
				66108D31296B569100791A7A /* Preview Content */,
			);
			path = Resources;
			sourceTree = "<group>";
		};
		669BFB5D296BFE59004621D9 /* Resources */ = {
			isa = PBXGroup;
			children = (
				66108D90296B585800791A7A /* ESComplicationsExtension.entitlements */,
				66108D66296B56B000791A7A /* Assets.xcassets */,
				66108D68296B56B000791A7A /* Info.plist */,
			);
			path = Resources;
			sourceTree = "<group>";
		};
		66C17ACB297655CC00F5F281 /* Logger */ = {
			isa = PBXGroup;
			children = (
				668EB9582979119B00304EA5 /* LoggerContext.swift */,
			);
			path = Logger;
			sourceTree = "<group>";
		};
		66EB7705296C0A9A008BFC27 /* PorscheConnect+Extensions */ = {
			isa = PBXGroup;
			children = (
				669BFB5E296C0942004621D9 /* Emobility+Helpers.swift */,
				66108D9F296B58EE00791A7A /* Status+Helpers.swift */,
				66108DA1296B58EE00791A7A /* Vehicle+Helpers.swift */,
			);
			path = "PorscheConnect+Extensions";
			sourceTree = "<group>";
		};
/* End PBXGroup section */

/* Begin PBXNativeTarget section */
		66108D25296B569000791A7A /* Watch */ = {
			isa = PBXNativeTarget;
			buildConfigurationList = 66108D4C296B569100791A7A /* Build configuration list for PBXNativeTarget "Watch" */;
			buildPhases = (
				66108D22296B569000791A7A /* Sources */,
				66108D23296B569000791A7A /* Frameworks */,
				66108D24296B569000791A7A /* Resources */,
				66108D6F296B56B000791A7A /* Embed Foundation Extensions */,
			);
			buildRules = (
			);
			dependencies = (
				66108DBA296B591900791A7A /* PBXTargetDependency */,
				66108D93296B58A400791A7A /* PBXTargetDependency */,
				66108D6A296B56B000791A7A /* PBXTargetDependency */,
			);
			name = Watch;
			packageProductDependencies = (
				66108D94296B58A800791A7A /* PorscheConnect */,
				66108DB7296B590F00791A7A /* CachedAsyncImage */,
			);
			productName = "ElectricSidecar Watch App";
			productReference = 66108D26296B569000791A7A /* Watch.app */;
			productType = "com.apple.product-type.application";
		};
		66108D37296B569100791A7A /* UnitTests */ = {
			isa = PBXNativeTarget;
			buildConfigurationList = 66108D53296B569100791A7A /* Build configuration list for PBXNativeTarget "UnitTests" */;
			buildPhases = (
				66108D34296B569100791A7A /* Sources */,
				66108D35296B569100791A7A /* Frameworks */,
				66108D36296B569100791A7A /* Resources */,
			);
			buildRules = (
			);
			dependencies = (
				668B86E42986FA4A00C60DE8 /* PBXTargetDependency */,
			);
			name = UnitTests;
			packageProductDependencies = (
				668B86E62986FA4F00C60DE8 /* PorscheConnect */,
			);
			productName = "ElectricSidecar Watch AppTests";
			productReference = 66108D38296B569100791A7A /* UnitTests.xctest */;
			productType = "com.apple.product-type.bundle.unit-test";
		};
		66108D41296B569100791A7A /* WatchUITests */ = {
			isa = PBXNativeTarget;
			buildConfigurationList = 66108D56296B569100791A7A /* Build configuration list for PBXNativeTarget "WatchUITests" */;
			buildPhases = (
				66108D3E296B569100791A7A /* Sources */,
				66108D3F296B569100791A7A /* Frameworks */,
				66108D40296B569100791A7A /* Resources */,
			);
			buildRules = (
			);
			dependencies = (
				66108D44296B569100791A7A /* PBXTargetDependency */,
			);
			name = WatchUITests;
			productName = "ElectricSidecar Watch AppUITests";
			productReference = 66108D42296B569100791A7A /* WatchUITests.xctest */;
			productType = "com.apple.product-type.bundle.ui-testing";
		};
		66108D5C296B56AF00791A7A /* Widgets */ = {
			isa = PBXNativeTarget;
			buildConfigurationList = 66108D6C296B56B000791A7A /* Build configuration list for PBXNativeTarget "Widgets" */;
			buildPhases = (
				66108D59296B56AF00791A7A /* Sources */,
				66108D5A296B56AF00791A7A /* Frameworks */,
				66108D5B296B56AF00791A7A /* Resources */,
			);
			buildRules = (
			);
			dependencies = (
				66108D97296B58AB00791A7A /* PBXTargetDependency */,
			);
			name = Widgets;
			packageProductDependencies = (
				66108D98296B58AE00791A7A /* PorscheConnect */,
			);
			productName = ESComplicationsExtension;
			productReference = 66108D5D296B56AF00791A7A /* Widgets.appex */;
			productType = "com.apple.product-type.app-extension";
		};
		668B86512986F2A600C60DE8 /* Phone */ = {
			isa = PBXNativeTarget;
			buildConfigurationList = 668B867F2986F2AA00C60DE8 /* Build configuration list for PBXNativeTarget "Phone" */;
			buildPhases = (
				668B864E2986F2A600C60DE8 /* Sources */,
				668B864F2986F2A600C60DE8 /* Frameworks */,
				668B86502986F2A600C60DE8 /* Resources */,
				668B86842986F33500C60DE8 /* Embed Watch Content */,
			);
			buildRules = (
			);
			dependencies = (
				668B86832986F32200C60DE8 /* PBXTargetDependency */,
			);
			name = Phone;
			productName = ESConfigurator;
			productReference = 668B86522986F2A700C60DE8 /* Phone.app */;
			productType = "com.apple.product-type.application";
		};
		668B86702986F2A900C60DE8 /* PhoneUITests */ = {
			isa = PBXNativeTarget;
			buildConfigurationList = 668B86812986F2AA00C60DE8 /* Build configuration list for PBXNativeTarget "PhoneUITests" */;
			buildPhases = (
				668B866D2986F2A900C60DE8 /* Sources */,
				668B866E2986F2A900C60DE8 /* Frameworks */,
				668B866F2986F2A900C60DE8 /* Resources */,
			);
			buildRules = (
			);
			dependencies = (
				668B86732986F2AA00C60DE8 /* PBXTargetDependency */,
			);
			name = PhoneUITests;
			productName = ESConfiguratorUITests;
			productReference = 668B86712986F2A900C60DE8 /* PhoneUITests.xctest */;
			productType = "com.apple.product-type.bundle.ui-testing";
		};
/* End PBXNativeTarget section */

/* Begin PBXProject section */
		66108D1A296B569000791A7A /* Project object */ = {
			isa = PBXProject;
			attributes = {
				BuildIndependentTargetsInParallel = 1;
				LastSwiftUpdateCheck = 1420;
				LastUpgradeCheck = 1420;
				TargetAttributes = {
					66108D25296B569000791A7A = {
						CreatedOnToolsVersion = 14.2;
					};
					66108D37296B569100791A7A = {
						CreatedOnToolsVersion = 14.2;
						TestTargetID = 66108D25296B569000791A7A;
					};
					66108D41296B569100791A7A = {
						CreatedOnToolsVersion = 14.2;
						LastSwiftMigration = 1420;
						TestTargetID = 66108D25296B569000791A7A;
					};
					66108D5C296B56AF00791A7A = {
						CreatedOnToolsVersion = 14.2;
					};
					668B86512986F2A600C60DE8 = {
						CreatedOnToolsVersion = 14.2;
					};
					668B86702986F2A900C60DE8 = {
						CreatedOnToolsVersion = 14.2;
						TestTargetID = 668B86512986F2A600C60DE8;
					};
				};
			};
			buildConfigurationList = 66108D1D296B569000791A7A /* Build configuration list for PBXProject "ElectricSidecar" */;
			compatibilityVersion = "Xcode 14.0";
			developmentRegion = en;
			hasScannedForEncodings = 0;
			knownRegions = (
				en,
				Base,
			);
			mainGroup = 66108D19296B569000791A7A;
			packageReferences = (
				66108DB6296B590F00791A7A /* XCRemoteSwiftPackageReference "swiftui-cached-async-image" */,
			);
			productRefGroup = 66108D21296B569000791A7A /* Products */;
			projectDirPath = "";
			projectRoot = "";
			targets = (
				668B86512986F2A600C60DE8 /* Phone */,
				66108D25296B569000791A7A /* Watch */,
				66108D5C296B56AF00791A7A /* Widgets */,
				66108D37296B569100791A7A /* UnitTests */,
				66108D41296B569100791A7A /* WatchUITests */,
				668B86702986F2A900C60DE8 /* PhoneUITests */,
			);
		};
/* End PBXProject section */

/* Begin PBXResourcesBuildPhase section */
		66108D24296B569000791A7A /* Resources */ = {
			isa = PBXResourcesBuildPhase;
			buildActionMask = 2147483647;
			files = (
				66108D33296B569100791A7A /* Preview Assets.xcassets in Resources */,
				66108D30296B569100791A7A /* Assets.xcassets in Resources */,
				661197A029750EE800D92637 /* Shared.xcassets in Resources */,
			);
			runOnlyForDeploymentPostprocessing = 0;
		};
		66108D36296B569100791A7A /* Resources */ = {
			isa = PBXResourcesBuildPhase;
			buildActionMask = 2147483647;
			files = (
			);
			runOnlyForDeploymentPostprocessing = 0;
		};
		66108D40296B569100791A7A /* Resources */ = {
			isa = PBXResourcesBuildPhase;
			buildActionMask = 2147483647;
			files = (
			);
			runOnlyForDeploymentPostprocessing = 0;
		};
		66108D5B296B56AF00791A7A /* Resources */ = {
			isa = PBXResourcesBuildPhase;
			buildActionMask = 2147483647;
			files = (
				661197A129750EE800D92637 /* Shared.xcassets in Resources */,
				66108D67296B56B000791A7A /* Assets.xcassets in Resources */,
			);
			runOnlyForDeploymentPostprocessing = 0;
		};
		668B86502986F2A600C60DE8 /* Resources */ = {
			isa = PBXResourcesBuildPhase;
			buildActionMask = 2147483647;
			files = (
				668B86612986F2A800C60DE8 /* LaunchScreen.storyboard in Resources */,
				668B865E2986F2A800C60DE8 /* Assets.xcassets in Resources */,
			);
			runOnlyForDeploymentPostprocessing = 0;
		};
		668B866F2986F2A900C60DE8 /* Resources */ = {
			isa = PBXResourcesBuildPhase;
			buildActionMask = 2147483647;
			files = (
			);
			runOnlyForDeploymentPostprocessing = 0;
		};
/* End PBXResourcesBuildPhase section */

/* Begin PBXSourcesBuildPhase section */
		66108D22296B569000791A7A /* Sources */ = {
			isa = PBXSourcesBuildPhase;
			buildActionMask = 2147483647;
			files = (
				6618E352296FDE5900F370BB /* CodableCacheCoordinator.swift in Sources */,
				668EB957297910E200304EA5 /* LogsView.swift in Sources */,
				668EB95C29792E8100304EA5 /* VehiclePhotosView.swift in Sources */,
				66108DA6296B58EE00791A7A /* Vehicle+SwiftUI.swift in Sources */,
				66108DB0296B58F700791A7A /* VehicleView.swift in Sources */,
				661C3F4E2972641500A4CC90 /* UIModel.swift in Sources */,
				661C3F54297270FC00A4CC90 /* Vehicle+Emobility.swift in Sources */,
				66108D2C296B569000791A7A /* ElectricSidecarApp.swift in Sources */,
				660E7609297E593A00EEF434 /* ChargeView.swift in Sources */,
				66108D7B296B572F00791A7A /* AppGroup.swift in Sources */,
				668B8607297F925400C60DE8 /* VehicleErrorView.swift in Sources */,
				669BFB5F296C0942004621D9 /* Emobility+Helpers.swift in Sources */,
				66108DB3296B58F700791A7A /* VehicleLocationView.swift in Sources */,
				66108D87296B579800791A7A /* TitledTabViews.swift in Sources */,
				661C3F4A29725D0900A4CC90 /* Vehicle+Status.swift in Sources */,
				66108DB1296B58F700791A7A /* GarageView.swift in Sources */,
				66108DA7296B58EE00791A7A /* Vehicle+Helpers.swift in Sources */,
				665EDD5A297289C40012CD3A /* RefreshStatusView.swift in Sources */,
				668B8609297F951C00C60DE8 /* Vehicle+Doors.swift in Sources */,
				661C3F5129726E9100A4CC90 /* Refreshable.swift in Sources */,
				66108D79296B572F00791A7A /* ModelStore.swift in Sources */,
				66108DB5296B58F700791A7A /* VehicleStatusView.swift in Sources */,
				661C3F572972770800A4CC90 /* Vehicle+Position.swift in Sources */,
				668EB9592979119B00304EA5 /* LoggerContext.swift in Sources */,
				668B861829865BE900C60DE8 /* RadialProgressView.swift in Sources */,
				6651ED042986FB71001337A3 /* BatteryStyle.swift in Sources */,
				66108DA8296B58EE00791A7A /* LoginView.swift in Sources */,
				66108DB4296B58F700791A7A /* VehicleDetailsView.swift in Sources */,
				668EB95F2979326E00304EA5 /* NavigationLinkContentView.swift in Sources */,
				66CA7DA1296FE95D00090ADD /* Vehicle.swift in Sources */,
				66108DA5296B58EE00791A7A /* Status+Helpers.swift in Sources */,
				668B860C297F9A3A00C60DE8 /* VehicleClosedStatusView.swift in Sources */,
			);
			runOnlyForDeploymentPostprocessing = 0;
		};
		66108D34296B569100791A7A /* Sources */ = {
			isa = PBXSourcesBuildPhase;
			buildActionMask = 2147483647;
			files = (
				668B86DE2986FA3000C60DE8 /* Vehicle.swift in Sources */,
				668B86D82986FA2D00C60DE8 /* Status+Helpers.swift in Sources */,
				668B86D62986FA2B00C60DE8 /* LoggerContext.swift in Sources */,
				66108D7E296B576000791A7A /* BatteryStyleTests.swift in Sources */,
				668B86D42986FA2600C60DE8 /* CodableCacheCoordinator.swift in Sources */,
				668B86DD2986FA3000C60DE8 /* Vehicle+Doors.swift in Sources */,
				668B86D32986FA2600C60DE8 /* ModelStore.swift in Sources */,
				668B86D72986FA2D00C60DE8 /* Emobility+Helpers.swift in Sources */,
				668B86D92986FA2D00C60DE8 /* Vehicle+Helpers.swift in Sources */,
				6651ED062986FB71001337A3 /* BatteryStyle.swift in Sources */,
				668B86DB2986FA3000C60DE8 /* Vehicle+Position.swift in Sources */,
				668B86DC2986FA3000C60DE8 /* Refreshable.swift in Sources */,
				668B86DA2986FA3000C60DE8 /* Vehicle+Emobility.swift in Sources */,
				668B86D52986FA2600C60DE8 /* AppGroup.swift in Sources */,
				668B86E02986FA3000C60DE8 /* Vehicle+Status.swift in Sources */,
				668B86DF2986FA3000C60DE8 /* UIModel.swift in Sources */,
			);
			runOnlyForDeploymentPostprocessing = 0;
		};
		66108D3E296B569100791A7A /* Sources */ = {
			isa = PBXSourcesBuildPhase;
			buildActionMask = 2147483647;
			files = (
				66108D82296B577700791A7A /* EndToEndUITests.swift in Sources */,
				66108D81296B577700791A7A /* UILaunchTests.swift in Sources */,
			);
			runOnlyForDeploymentPostprocessing = 0;
		};
		66108D59296B56AF00791A7A /* Sources */ = {
			isa = PBXSourcesBuildPhase;
			buildActionMask = 2147483647;
			files = (
				66EB7707296C0AB1008BFC27 /* Status+Helpers.swift in Sources */,
				6651ED052986FB71001337A3 /* BatteryStyle.swift in Sources */,
				66108D65296B56AF00791A7A /* VehicleChargeWidget.swift in Sources */,
				661C3F5229726E9100A4CC90 /* Refreshable.swift in Sources */,
				661C3F4F2972641500A4CC90 /* UIModel.swift in Sources */,
				668B8615298659D400C60DE8 /* VehicleRangeTimelineProvider.swift in Sources */,
				668B860A297F96D800C60DE8 /* Vehicle+Doors.swift in Sources */,
				6618E353296FDE5900F370BB /* CodableCacheCoordinator.swift in Sources */,
				66108D7C296B572F00791A7A /* AppGroup.swift in Sources */,
				661C3F582972770800A4CC90 /* Vehicle+Position.swift in Sources */,
				66108D9A296B58CF00791A7A /* VehicleChargeTimelineProvider.swift in Sources */,
				66CA7DA2296FE95D00090ADD /* Vehicle.swift in Sources */,
				660E760A297E593A00EEF434 /* ChargeView.swift in Sources */,
				661C3F4B29725D0900A4CC90 /* Vehicle+Status.swift in Sources */,
				661C3F55297270FC00A4CC90 /* Vehicle+Emobility.swift in Sources */,
				668B861929865BE900C60DE8 /* RadialProgressView.swift in Sources */,
				668EB95A2979119B00304EA5 /* LoggerContext.swift in Sources */,
				66EB7706296C0AB1008BFC27 /* Emobility+Helpers.swift in Sources */,
				665EDD5C2972973F0012CD3A /* ESComplications.swift in Sources */,
				66EB7708296C0AB1008BFC27 /* Vehicle+Helpers.swift in Sources */,
				668B8616298659D400C60DE8 /* VehicleRangeWidget.swift in Sources */,
				66108D7A296B572F00791A7A /* ModelStore.swift in Sources */,
			);
			runOnlyForDeploymentPostprocessing = 0;
		};
		668B864E2986F2A600C60DE8 /* Sources */ = {
			isa = PBXSourcesBuildPhase;
			buildActionMask = 2147483647;
			files = (
				668B86592986F2A700C60DE8 /* ViewController.swift in Sources */,
				668B86552986F2A700C60DE8 /* AppDelegate.swift in Sources */,
				668B86572986F2A700C60DE8 /* SceneDelegate.swift in Sources */,
			);
			runOnlyForDeploymentPostprocessing = 0;
		};
		668B866D2986F2A900C60DE8 /* Sources */ = {
			isa = PBXSourcesBuildPhase;
			buildActionMask = 2147483647;
			files = (
				668B86762986F2AA00C60DE8 /* ESConfiguratorUITests.swift in Sources */,
				668B86782986F2AA00C60DE8 /* ESConfiguratorUITestsLaunchTests.swift in Sources */,
			);
			runOnlyForDeploymentPostprocessing = 0;
		};
/* End PBXSourcesBuildPhase section */

/* Begin PBXTargetDependency section */
		66108D44296B569100791A7A /* PBXTargetDependency */ = {
			isa = PBXTargetDependency;
			target = 66108D25296B569000791A7A /* Watch */;
			targetProxy = 66108D43296B569100791A7A /* PBXContainerItemProxy */;
		};
		66108D6A296B56B000791A7A /* PBXTargetDependency */ = {
			isa = PBXTargetDependency;
			target = 66108D5C296B56AF00791A7A /* Widgets */;
			targetProxy = 66108D69296B56B000791A7A /* PBXContainerItemProxy */;
		};
		66108D93296B58A400791A7A /* PBXTargetDependency */ = {
			isa = PBXTargetDependency;
			productRef = 66108D92296B58A400791A7A /* PorscheConnect */;
		};
		66108D97296B58AB00791A7A /* PBXTargetDependency */ = {
			isa = PBXTargetDependency;
			productRef = 66108D96296B58AB00791A7A /* PorscheConnect */;
		};
		66108DBA296B591900791A7A /* PBXTargetDependency */ = {
			isa = PBXTargetDependency;
			productRef = 66108DB9296B591900791A7A /* CachedAsyncImage */;
		};
		668B86732986F2AA00C60DE8 /* PBXTargetDependency */ = {
			isa = PBXTargetDependency;
			target = 668B86512986F2A600C60DE8 /* Phone */;
			targetProxy = 668B86722986F2AA00C60DE8 /* PBXContainerItemProxy */;
		};
		668B86832986F32200C60DE8 /* PBXTargetDependency */ = {
			isa = PBXTargetDependency;
			target = 66108D25296B569000791A7A /* Watch */;
			targetProxy = 668B86822986F32200C60DE8 /* PBXContainerItemProxy */;
		};
		668B86E42986FA4A00C60DE8 /* PBXTargetDependency */ = {
			isa = PBXTargetDependency;
			productRef = 668B86E32986FA4A00C60DE8 /* PorscheConnect */;
		};
/* End PBXTargetDependency section */

/* Begin PBXVariantGroup section */
		668B865F2986F2A800C60DE8 /* LaunchScreen.storyboard */ = {
			isa = PBXVariantGroup;
			children = (
				668B86602986F2A800C60DE8 /* Base */,
			);
			name = LaunchScreen.storyboard;
			sourceTree = "<group>";
		};
/* End PBXVariantGroup section */

/* Begin XCBuildConfiguration section */
		66108D4A296B569100791A7A /* Debug */ = {
			isa = XCBuildConfiguration;
			buildSettings = {
				ALWAYS_SEARCH_USER_PATHS = NO;
				CLANG_ANALYZER_NONNULL = YES;
				CLANG_ANALYZER_NUMBER_OBJECT_CONVERSION = YES_AGGRESSIVE;
				CLANG_CXX_LANGUAGE_STANDARD = "gnu++20";
				CLANG_ENABLE_MODULES = YES;
				CLANG_ENABLE_OBJC_ARC = YES;
				CLANG_ENABLE_OBJC_WEAK = YES;
				CLANG_WARN_BLOCK_CAPTURE_AUTORELEASING = YES;
				CLANG_WARN_BOOL_CONVERSION = YES;
				CLANG_WARN_COMMA = YES;
				CLANG_WARN_CONSTANT_CONVERSION = YES;
				CLANG_WARN_DEPRECATED_OBJC_IMPLEMENTATIONS = YES;
				CLANG_WARN_DIRECT_OBJC_ISA_USAGE = YES_ERROR;
				CLANG_WARN_DOCUMENTATION_COMMENTS = YES;
				CLANG_WARN_EMPTY_BODY = YES;
				CLANG_WARN_ENUM_CONVERSION = YES;
				CLANG_WARN_INFINITE_RECURSION = YES;
				CLANG_WARN_INT_CONVERSION = YES;
				CLANG_WARN_NON_LITERAL_NULL_CONVERSION = YES;
				CLANG_WARN_OBJC_IMPLICIT_RETAIN_SELF = YES;
				CLANG_WARN_OBJC_LITERAL_CONVERSION = YES;
				CLANG_WARN_OBJC_ROOT_CLASS = YES_ERROR;
				CLANG_WARN_QUOTED_INCLUDE_IN_FRAMEWORK_HEADER = YES;
				CLANG_WARN_RANGE_LOOP_ANALYSIS = YES;
				CLANG_WARN_STRICT_PROTOTYPES = YES;
				CLANG_WARN_SUSPICIOUS_MOVE = YES;
				CLANG_WARN_UNGUARDED_AVAILABILITY = YES_AGGRESSIVE;
				CLANG_WARN_UNREACHABLE_CODE = YES;
				CLANG_WARN__DUPLICATE_METHOD_MATCH = YES;
				COPY_PHASE_STRIP = NO;
				DEBUG_INFORMATION_FORMAT = dwarf;
				ENABLE_STRICT_OBJC_MSGSEND = YES;
				ENABLE_TESTABILITY = YES;
				GCC_C_LANGUAGE_STANDARD = gnu11;
				GCC_DYNAMIC_NO_PIC = NO;
				GCC_NO_COMMON_BLOCKS = YES;
				GCC_OPTIMIZATION_LEVEL = 0;
				GCC_PREPROCESSOR_DEFINITIONS = (
					"DEBUG=1",
					"$(inherited)",
				);
				GCC_WARN_64_TO_32_BIT_CONVERSION = YES;
				GCC_WARN_ABOUT_RETURN_TYPE = YES_ERROR;
				GCC_WARN_UNDECLARED_SELECTOR = YES;
				GCC_WARN_UNINITIALIZED_AUTOS = YES_AGGRESSIVE;
				GCC_WARN_UNUSED_FUNCTION = YES;
				GCC_WARN_UNUSED_VARIABLE = YES;
				IPHONEOS_DEPLOYMENT_TARGET = 16.0;
				MTL_ENABLE_DEBUG_INFO = INCLUDE_SOURCE;
				MTL_FAST_MATH = YES;
				ONLY_ACTIVE_ARCH = YES;
				SWIFT_ACTIVE_COMPILATION_CONDITIONS = DEBUG;
				SWIFT_OPTIMIZATION_LEVEL = "-Onone";
				WATCHOS_DEPLOYMENT_TARGET = 9.0;
			};
			name = Debug;
		};
		66108D4B296B569100791A7A /* Release */ = {
			isa = XCBuildConfiguration;
			buildSettings = {
				ALWAYS_SEARCH_USER_PATHS = NO;
				CLANG_ANALYZER_NONNULL = YES;
				CLANG_ANALYZER_NUMBER_OBJECT_CONVERSION = YES_AGGRESSIVE;
				CLANG_CXX_LANGUAGE_STANDARD = "gnu++20";
				CLANG_ENABLE_MODULES = YES;
				CLANG_ENABLE_OBJC_ARC = YES;
				CLANG_ENABLE_OBJC_WEAK = YES;
				CLANG_WARN_BLOCK_CAPTURE_AUTORELEASING = YES;
				CLANG_WARN_BOOL_CONVERSION = YES;
				CLANG_WARN_COMMA = YES;
				CLANG_WARN_CONSTANT_CONVERSION = YES;
				CLANG_WARN_DEPRECATED_OBJC_IMPLEMENTATIONS = YES;
				CLANG_WARN_DIRECT_OBJC_ISA_USAGE = YES_ERROR;
				CLANG_WARN_DOCUMENTATION_COMMENTS = YES;
				CLANG_WARN_EMPTY_BODY = YES;
				CLANG_WARN_ENUM_CONVERSION = YES;
				CLANG_WARN_INFINITE_RECURSION = YES;
				CLANG_WARN_INT_CONVERSION = YES;
				CLANG_WARN_NON_LITERAL_NULL_CONVERSION = YES;
				CLANG_WARN_OBJC_IMPLICIT_RETAIN_SELF = YES;
				CLANG_WARN_OBJC_LITERAL_CONVERSION = YES;
				CLANG_WARN_OBJC_ROOT_CLASS = YES_ERROR;
				CLANG_WARN_QUOTED_INCLUDE_IN_FRAMEWORK_HEADER = YES;
				CLANG_WARN_RANGE_LOOP_ANALYSIS = YES;
				CLANG_WARN_STRICT_PROTOTYPES = YES;
				CLANG_WARN_SUSPICIOUS_MOVE = YES;
				CLANG_WARN_UNGUARDED_AVAILABILITY = YES_AGGRESSIVE;
				CLANG_WARN_UNREACHABLE_CODE = YES;
				CLANG_WARN__DUPLICATE_METHOD_MATCH = YES;
				COPY_PHASE_STRIP = NO;
				DEBUG_INFORMATION_FORMAT = "dwarf-with-dsym";
				ENABLE_NS_ASSERTIONS = NO;
				ENABLE_STRICT_OBJC_MSGSEND = YES;
				GCC_C_LANGUAGE_STANDARD = gnu11;
				GCC_NO_COMMON_BLOCKS = YES;
				GCC_WARN_64_TO_32_BIT_CONVERSION = YES;
				GCC_WARN_ABOUT_RETURN_TYPE = YES_ERROR;
				GCC_WARN_UNDECLARED_SELECTOR = YES;
				GCC_WARN_UNINITIALIZED_AUTOS = YES_AGGRESSIVE;
				GCC_WARN_UNUSED_FUNCTION = YES;
				GCC_WARN_UNUSED_VARIABLE = YES;
				IPHONEOS_DEPLOYMENT_TARGET = 16.0;
				MTL_ENABLE_DEBUG_INFO = NO;
				MTL_FAST_MATH = YES;
				SWIFT_COMPILATION_MODE = wholemodule;
				SWIFT_OPTIMIZATION_LEVEL = "-O";
				WATCHOS_DEPLOYMENT_TARGET = 9.0;
			};
			name = Release;
		};
		66108D4D296B569100791A7A /* Debug */ = {
			isa = XCBuildConfiguration;
			buildSettings = {
				ALWAYS_EMBED_SWIFT_STANDARD_LIBRARIES = YES;
				ASSETCATALOG_COMPILER_APPICON_NAME = AppIcon;
				ASSETCATALOG_COMPILER_GLOBAL_ACCENT_COLOR_NAME = AccentColor;
				CODE_SIGN_ENTITLEMENTS = Watch/Resources/ElectricSidecar.entitlements;
				CODE_SIGN_STYLE = Automatic;
				CURRENT_PROJECT_VERSION = 1;
				DEVELOPMENT_ASSET_PATHS = "\"Watch/Resources/Preview Content\"";
				DEVELOPMENT_TEAM = ZGWD8QJUPK;
				ENABLE_PREVIEWS = YES;
				GENERATE_INFOPLIST_FILE = YES;
				INFOPLIST_KEY_CFBundleDisplayName = ElectricSidecar;
				INFOPLIST_KEY_UISupportedInterfaceOrientations = "UIInterfaceOrientationPortrait UIInterfaceOrientationPortraitUpsideDown";
				INFOPLIST_KEY_WKCompanionAppBundleIdentifier = com.featherless.apps.electricsidecar;
				LD_RUNPATH_SEARCH_PATHS = (
					"$(inherited)",
					"@executable_path/Frameworks",
				);
				MARKETING_VERSION = 0.1;
				PRODUCT_BUNDLE_IDENTIFIER = com.featherless.apps.electricsidecar.watchkitapp;
				PRODUCT_NAME = "$(TARGET_NAME)";
				SDKROOT = watchos;
				SKIP_INSTALL = YES;
				SWIFT_EMIT_LOC_STRINGS = YES;
				SWIFT_VERSION = 5.0;
				TARGETED_DEVICE_FAMILY = 4;
			};
			name = Debug;
		};
		66108D4E296B569100791A7A /* Release */ = {
			isa = XCBuildConfiguration;
			buildSettings = {
				ALWAYS_EMBED_SWIFT_STANDARD_LIBRARIES = YES;
				ASSETCATALOG_COMPILER_APPICON_NAME = AppIcon;
				ASSETCATALOG_COMPILER_GLOBAL_ACCENT_COLOR_NAME = AccentColor;
				CODE_SIGN_ENTITLEMENTS = Watch/Resources/ElectricSidecar.entitlements;
				CODE_SIGN_STYLE = Automatic;
				CURRENT_PROJECT_VERSION = 1;
				DEVELOPMENT_ASSET_PATHS = "\"Watch/Resources/Preview Content\"";
				DEVELOPMENT_TEAM = ZGWD8QJUPK;
				ENABLE_PREVIEWS = YES;
				GENERATE_INFOPLIST_FILE = YES;
				INFOPLIST_KEY_CFBundleDisplayName = ElectricSidecar;
				INFOPLIST_KEY_UISupportedInterfaceOrientations = "UIInterfaceOrientationPortrait UIInterfaceOrientationPortraitUpsideDown";
				INFOPLIST_KEY_WKCompanionAppBundleIdentifier = com.featherless.apps.electricsidecar;
				LD_RUNPATH_SEARCH_PATHS = (
					"$(inherited)",
					"@executable_path/Frameworks",
				);
				MARKETING_VERSION = 0.1;
				PRODUCT_BUNDLE_IDENTIFIER = com.featherless.apps.electricsidecar.watchkitapp;
				PRODUCT_NAME = "$(TARGET_NAME)";
				SDKROOT = watchos;
				SKIP_INSTALL = YES;
				SWIFT_EMIT_LOC_STRINGS = YES;
				SWIFT_VERSION = 5.0;
				TARGETED_DEVICE_FAMILY = 4;
				VALIDATE_PRODUCT = YES;
			};
			name = Release;
		};
		66108D54296B569100791A7A /* Debug */ = {
			isa = XCBuildConfiguration;
			buildSettings = {
				BUNDLE_LOADER = "$(TEST_HOST)";
				CODE_SIGN_STYLE = Automatic;
				CURRENT_PROJECT_VERSION = 1;
				GENERATE_INFOPLIST_FILE = YES;
				MARKETING_VERSION = 1.0;
				PRODUCT_BUNDLE_IDENTIFIER = "com.featherless.ElectricSidecar-UnitTests";
				PRODUCT_NAME = "$(TARGET_NAME)";
				SDKROOT = iphoneos;
				SUPPORTED_PLATFORMS = "iphoneos iphonesimulator watchos watchsimulator";
				SUPPORTS_MACCATALYST = NO;
				SUPPORTS_MAC_DESIGNED_FOR_IPHONE_IPAD = NO;
				SWIFT_EMIT_LOC_STRINGS = NO;
				SWIFT_VERSION = 5.0;
				TARGETED_DEVICE_FAMILY = "1,4";
			};
			name = Debug;
		};
		66108D55296B569100791A7A /* Release */ = {
			isa = XCBuildConfiguration;
			buildSettings = {
				BUNDLE_LOADER = "$(TEST_HOST)";
				CODE_SIGN_STYLE = Automatic;
				CURRENT_PROJECT_VERSION = 1;
				GENERATE_INFOPLIST_FILE = YES;
				MARKETING_VERSION = 1.0;
				PRODUCT_BUNDLE_IDENTIFIER = "com.featherless.ElectricSidecar-UnitTests";
				PRODUCT_NAME = "$(TARGET_NAME)";
				SDKROOT = iphoneos;
				SUPPORTED_PLATFORMS = "iphoneos iphonesimulator watchos watchsimulator";
				SUPPORTS_MACCATALYST = NO;
				SUPPORTS_MAC_DESIGNED_FOR_IPHONE_IPAD = NO;
				SWIFT_EMIT_LOC_STRINGS = NO;
				SWIFT_VERSION = 5.0;
				TARGETED_DEVICE_FAMILY = "1,4";
				VALIDATE_PRODUCT = YES;
			};
			name = Release;
		};
		66108D57296B569100791A7A /* Debug */ = {
			isa = XCBuildConfiguration;
			buildSettings = {
				ALWAYS_EMBED_SWIFT_STANDARD_LIBRARIES = YES;
				CLANG_ENABLE_MODULES = YES;
				CODE_SIGN_STYLE = Automatic;
				CURRENT_PROJECT_VERSION = 1;
				GENERATE_INFOPLIST_FILE = YES;
				LD_RUNPATH_SEARCH_PATHS = (
					"$(inherited)",
					"@executable_path/../Frameworks",
					"@loader_path/../Frameworks",
				);
				MARKETING_VERSION = 1.0;
				PRODUCT_BUNDLE_IDENTIFIER = "com.featherless.ElectricSidecar-Watch-AppUITests";
				PRODUCT_NAME = "$(TARGET_NAME)";
				SDKROOT = watchos;
				SWIFT_EMIT_LOC_STRINGS = NO;
				SWIFT_OPTIMIZATION_LEVEL = "-Onone";
				SWIFT_VERSION = 5.0;
				TARGETED_DEVICE_FAMILY = 4;
				TEST_TARGET_NAME = "ElectricSidecar Watch App";
				WATCHOS_DEPLOYMENT_TARGET = 9.1;
			};
			name = Debug;
		};
		66108D58296B569100791A7A /* Release */ = {
			isa = XCBuildConfiguration;
			buildSettings = {
				ALWAYS_EMBED_SWIFT_STANDARD_LIBRARIES = YES;
				CLANG_ENABLE_MODULES = YES;
				CODE_SIGN_STYLE = Automatic;
				CURRENT_PROJECT_VERSION = 1;
				GENERATE_INFOPLIST_FILE = YES;
				LD_RUNPATH_SEARCH_PATHS = (
					"$(inherited)",
					"@executable_path/../Frameworks",
					"@loader_path/../Frameworks",
				);
				MARKETING_VERSION = 1.0;
				PRODUCT_BUNDLE_IDENTIFIER = "com.featherless.ElectricSidecar-Watch-AppUITests";
				PRODUCT_NAME = "$(TARGET_NAME)";
				SDKROOT = watchos;
				SWIFT_EMIT_LOC_STRINGS = NO;
				SWIFT_VERSION = 5.0;
				TARGETED_DEVICE_FAMILY = 4;
				TEST_TARGET_NAME = "ElectricSidecar Watch App";
				VALIDATE_PRODUCT = YES;
				WATCHOS_DEPLOYMENT_TARGET = 9.1;
			};
			name = Release;
		};
		66108D6D296B56B000791A7A /* Debug */ = {
			isa = XCBuildConfiguration;
			buildSettings = {
				ASSETCATALOG_COMPILER_GLOBAL_ACCENT_COLOR_NAME = AccentColor;
				ASSETCATALOG_COMPILER_WIDGET_BACKGROUND_COLOR_NAME = WidgetBackground;
				CODE_SIGN_ENTITLEMENTS = Widgets/Resources/ESComplicationsExtension.entitlements;
				CODE_SIGN_STYLE = Automatic;
				CURRENT_PROJECT_VERSION = 1;
				DEVELOPMENT_TEAM = ZGWD8QJUPK;
				GENERATE_INFOPLIST_FILE = YES;
				INFOPLIST_FILE = Widgets/Resources/Info.plist;
				INFOPLIST_KEY_CFBundleDisplayName = ESComplications;
				INFOPLIST_KEY_NSHumanReadableCopyright = "";
				LD_RUNPATH_SEARCH_PATHS = (
					"$(inherited)",
					"@executable_path/Frameworks",
					"@executable_path/../../Frameworks",
					"@executable_path/../../../../Frameworks",
				);
				MARKETING_VERSION = 0.1;
				PRODUCT_BUNDLE_IDENTIFIER = com.featherless.apps.electricsidecar.watchkitapp.watchkitextension;
				PRODUCT_NAME = "$(TARGET_NAME)";
				SDKROOT = watchos;
				SKIP_INSTALL = YES;
				SWIFT_EMIT_LOC_STRINGS = YES;
				SWIFT_VERSION = 5.0;
				TARGETED_DEVICE_FAMILY = 4;
			};
			name = Debug;
		};
		66108D6E296B56B000791A7A /* Release */ = {
			isa = XCBuildConfiguration;
			buildSettings = {
				ASSETCATALOG_COMPILER_GLOBAL_ACCENT_COLOR_NAME = AccentColor;
				ASSETCATALOG_COMPILER_WIDGET_BACKGROUND_COLOR_NAME = WidgetBackground;
				CODE_SIGN_ENTITLEMENTS = Widgets/Resources/ESComplicationsExtension.entitlements;
				CODE_SIGN_STYLE = Automatic;
				CURRENT_PROJECT_VERSION = 1;
				DEVELOPMENT_TEAM = ZGWD8QJUPK;
				GENERATE_INFOPLIST_FILE = YES;
				INFOPLIST_FILE = Widgets/Resources/Info.plist;
				INFOPLIST_KEY_CFBundleDisplayName = ESComplications;
				INFOPLIST_KEY_NSHumanReadableCopyright = "";
				LD_RUNPATH_SEARCH_PATHS = (
					"$(inherited)",
					"@executable_path/Frameworks",
					"@executable_path/../../Frameworks",
					"@executable_path/../../../../Frameworks",
				);
				MARKETING_VERSION = 0.1;
				PRODUCT_BUNDLE_IDENTIFIER = com.featherless.apps.electricsidecar.watchkitapp.watchkitextension;
				PRODUCT_NAME = "$(TARGET_NAME)";
				SDKROOT = watchos;
				SKIP_INSTALL = YES;
				SWIFT_EMIT_LOC_STRINGS = YES;
				SWIFT_VERSION = 5.0;
				TARGETED_DEVICE_FAMILY = 4;
				VALIDATE_PRODUCT = YES;
			};
			name = Release;
		};
		668B86792986F2AA00C60DE8 /* Debug */ = {
			isa = XCBuildConfiguration;
			buildSettings = {
				ASSETCATALOG_COMPILER_APPICON_NAME = AppIcon;
				ASSETCATALOG_COMPILER_GLOBAL_ACCENT_COLOR_NAME = AccentColor;
				CODE_SIGN_ENTITLEMENTS = Phone/Phone.entitlements;
				CODE_SIGN_STYLE = Automatic;
				CURRENT_PROJECT_VERSION = 1;
				DEVELOPMENT_TEAM = ZGWD8QJUPK;
				GENERATE_INFOPLIST_FILE = YES;
				INFOPLIST_FILE = Phone/Info.plist;
				INFOPLIST_KEY_CFBundleDisplayName = ElectricSidecar;
				INFOPLIST_KEY_UIApplicationSupportsIndirectInputEvents = YES;
				INFOPLIST_KEY_UILaunchStoryboardName = LaunchScreen;
				INFOPLIST_KEY_UISupportedInterfaceOrientations_iPad = "UIInterfaceOrientationPortrait UIInterfaceOrientationPortraitUpsideDown UIInterfaceOrientationLandscapeLeft UIInterfaceOrientationLandscapeRight";
				INFOPLIST_KEY_UISupportedInterfaceOrientations_iPhone = "UIInterfaceOrientationPortrait UIInterfaceOrientationLandscapeLeft UIInterfaceOrientationLandscapeRight";
				LD_RUNPATH_SEARCH_PATHS = (
					"$(inherited)",
					"@executable_path/Frameworks",
				);
				MARKETING_VERSION = 1.0;
				PRODUCT_BUNDLE_IDENTIFIER = com.featherless.apps.electricsidecar;
				PRODUCT_NAME = "$(TARGET_NAME)";
				SDKROOT = iphoneos;
				SWIFT_EMIT_LOC_STRINGS = YES;
				SWIFT_VERSION = 5.0;
				TARGETED_DEVICE_FAMILY = "1,2";
			};
			name = Debug;
		};
		668B867A2986F2AA00C60DE8 /* Release */ = {
			isa = XCBuildConfiguration;
			buildSettings = {
				ASSETCATALOG_COMPILER_APPICON_NAME = AppIcon;
				ASSETCATALOG_COMPILER_GLOBAL_ACCENT_COLOR_NAME = AccentColor;
				CODE_SIGN_ENTITLEMENTS = Phone/Phone.entitlements;
				CODE_SIGN_STYLE = Automatic;
				CURRENT_PROJECT_VERSION = 1;
				DEVELOPMENT_TEAM = ZGWD8QJUPK;
				GENERATE_INFOPLIST_FILE = YES;
				INFOPLIST_FILE = Phone/Info.plist;
				INFOPLIST_KEY_CFBundleDisplayName = ElectricSidecar;
				INFOPLIST_KEY_UIApplicationSupportsIndirectInputEvents = YES;
				INFOPLIST_KEY_UILaunchStoryboardName = LaunchScreen;
				INFOPLIST_KEY_UISupportedInterfaceOrientations_iPad = "UIInterfaceOrientationPortrait UIInterfaceOrientationPortraitUpsideDown UIInterfaceOrientationLandscapeLeft UIInterfaceOrientationLandscapeRight";
				INFOPLIST_KEY_UISupportedInterfaceOrientations_iPhone = "UIInterfaceOrientationPortrait UIInterfaceOrientationLandscapeLeft UIInterfaceOrientationLandscapeRight";
				LD_RUNPATH_SEARCH_PATHS = (
					"$(inherited)",
					"@executable_path/Frameworks",
				);
				MARKETING_VERSION = 1.0;
				PRODUCT_BUNDLE_IDENTIFIER = com.featherless.apps.electricsidecar;
				PRODUCT_NAME = "$(TARGET_NAME)";
				SDKROOT = iphoneos;
				SWIFT_EMIT_LOC_STRINGS = YES;
				SWIFT_VERSION = 5.0;
				TARGETED_DEVICE_FAMILY = "1,2";
				VALIDATE_PRODUCT = YES;
			};
			name = Release;
		};
		668B867D2986F2AA00C60DE8 /* Debug */ = {
			isa = XCBuildConfiguration;
			buildSettings = {
				ALWAYS_EMBED_SWIFT_STANDARD_LIBRARIES = YES;
				CODE_SIGN_STYLE = Automatic;
				CURRENT_PROJECT_VERSION = 1;
				DEVELOPMENT_TEAM = ZGWD8QJUPK;
				GENERATE_INFOPLIST_FILE = YES;
				IPHONEOS_DEPLOYMENT_TARGET = 16.2;
				MARKETING_VERSION = 1.0;
				PRODUCT_BUNDLE_IDENTIFIER = com.featherless.ESConfiguratorUITests;
				PRODUCT_NAME = "$(TARGET_NAME)";
				SDKROOT = iphoneos;
				SWIFT_EMIT_LOC_STRINGS = NO;
				SWIFT_VERSION = 5.0;
				TARGETED_DEVICE_FAMILY = "1,2";
				TEST_TARGET_NAME = ESConfigurator;
			};
			name = Debug;
		};
		668B867E2986F2AA00C60DE8 /* Release */ = {
			isa = XCBuildConfiguration;
			buildSettings = {
				ALWAYS_EMBED_SWIFT_STANDARD_LIBRARIES = YES;
				CODE_SIGN_STYLE = Automatic;
				CURRENT_PROJECT_VERSION = 1;
				DEVELOPMENT_TEAM = ZGWD8QJUPK;
				GENERATE_INFOPLIST_FILE = YES;
				IPHONEOS_DEPLOYMENT_TARGET = 16.2;
				MARKETING_VERSION = 1.0;
				PRODUCT_BUNDLE_IDENTIFIER = com.featherless.ESConfiguratorUITests;
				PRODUCT_NAME = "$(TARGET_NAME)";
				SDKROOT = iphoneos;
				SWIFT_EMIT_LOC_STRINGS = NO;
				SWIFT_VERSION = 5.0;
				TARGETED_DEVICE_FAMILY = "1,2";
				TEST_TARGET_NAME = ESConfigurator;
				VALIDATE_PRODUCT = YES;
			};
			name = Release;
		};
/* End XCBuildConfiguration section */

/* Begin XCConfigurationList section */
		66108D1D296B569000791A7A /* Build configuration list for PBXProject "ElectricSidecar" */ = {
			isa = XCConfigurationList;
			buildConfigurations = (
				66108D4A296B569100791A7A /* Debug */,
				66108D4B296B569100791A7A /* Release */,
			);
			defaultConfigurationIsVisible = 0;
			defaultConfigurationName = Release;
		};
		66108D4C296B569100791A7A /* Build configuration list for PBXNativeTarget "Watch" */ = {
			isa = XCConfigurationList;
			buildConfigurations = (
				66108D4D296B569100791A7A /* Debug */,
				66108D4E296B569100791A7A /* Release */,
			);
			defaultConfigurationIsVisible = 0;
			defaultConfigurationName = Release;
		};
		66108D53296B569100791A7A /* Build configuration list for PBXNativeTarget "UnitTests" */ = {
			isa = XCConfigurationList;
			buildConfigurations = (
				66108D54296B569100791A7A /* Debug */,
				66108D55296B569100791A7A /* Release */,
			);
			defaultConfigurationIsVisible = 0;
			defaultConfigurationName = Release;
		};
		66108D56296B569100791A7A /* Build configuration list for PBXNativeTarget "WatchUITests" */ = {
			isa = XCConfigurationList;
			buildConfigurations = (
				66108D57296B569100791A7A /* Debug */,
				66108D58296B569100791A7A /* Release */,
			);
			defaultConfigurationIsVisible = 0;
			defaultConfigurationName = Release;
		};
		66108D6C296B56B000791A7A /* Build configuration list for PBXNativeTarget "Widgets" */ = {
			isa = XCConfigurationList;
			buildConfigurations = (
				66108D6D296B56B000791A7A /* Debug */,
				66108D6E296B56B000791A7A /* Release */,
			);
			defaultConfigurationIsVisible = 0;
			defaultConfigurationName = Release;
		};
		668B867F2986F2AA00C60DE8 /* Build configuration list for PBXNativeTarget "Phone" */ = {
			isa = XCConfigurationList;
			buildConfigurations = (
				668B86792986F2AA00C60DE8 /* Debug */,
				668B867A2986F2AA00C60DE8 /* Release */,
			);
			defaultConfigurationIsVisible = 0;
			defaultConfigurationName = Release;
		};
		668B86812986F2AA00C60DE8 /* Build configuration list for PBXNativeTarget "PhoneUITests" */ = {
			isa = XCConfigurationList;
			buildConfigurations = (
				668B867D2986F2AA00C60DE8 /* Debug */,
				668B867E2986F2AA00C60DE8 /* Release */,
			);
			defaultConfigurationIsVisible = 0;
			defaultConfigurationName = Release;
		};
/* End XCConfigurationList section */

/* Begin XCRemoteSwiftPackageReference section */
		66108DB6296B590F00791A7A /* XCRemoteSwiftPackageReference "swiftui-cached-async-image" */ = {
			isa = XCRemoteSwiftPackageReference;
			repositoryURL = "https://github.com/lorenzofiamingo/swiftui-cached-async-image";
			requirement = {
				branch = main;
				kind = branch;
			};
		};
/* End XCRemoteSwiftPackageReference section */

/* Begin XCSwiftPackageProductDependency section */
		66108D92296B58A400791A7A /* PorscheConnect */ = {
			isa = XCSwiftPackageProductDependency;
			productName = PorscheConnect;
		};
		66108D94296B58A800791A7A /* PorscheConnect */ = {
			isa = XCSwiftPackageProductDependency;
			productName = PorscheConnect;
		};
		66108D96296B58AB00791A7A /* PorscheConnect */ = {
			isa = XCSwiftPackageProductDependency;
			productName = PorscheConnect;
		};
		66108D98296B58AE00791A7A /* PorscheConnect */ = {
			isa = XCSwiftPackageProductDependency;
			productName = PorscheConnect;
		};
		66108DB7296B590F00791A7A /* CachedAsyncImage */ = {
			isa = XCSwiftPackageProductDependency;
			package = 66108DB6296B590F00791A7A /* XCRemoteSwiftPackageReference "swiftui-cached-async-image" */;
			productName = CachedAsyncImage;
		};
		66108DB9296B591900791A7A /* CachedAsyncImage */ = {
			isa = XCSwiftPackageProductDependency;
			package = 66108DB6296B590F00791A7A /* XCRemoteSwiftPackageReference "swiftui-cached-async-image" */;
			productName = CachedAsyncImage;
		};
		668B86E32986FA4A00C60DE8 /* PorscheConnect */ = {
			isa = XCSwiftPackageProductDependency;
			productName = PorscheConnect;
		};
		668B86E62986FA4F00C60DE8 /* PorscheConnect */ = {
			isa = XCSwiftPackageProductDependency;
			productName = PorscheConnect;
		};
/* End XCSwiftPackageProductDependency section */
	};
	rootObject = 66108D1A296B569000791A7A /* Project object */;
}
